// !$*UTF8*$!
{
	archiveVersion = 1;
	classes = {
	};
	objectVersion = 56;
	objects = {

/* Begin PBXBuildFile section */
		1FB6B20C2B9CEEA3005BDD97 /* NetflixV2App.swift in Sources */ = {isa = PBXBuildFile; fileRef = 1FB6B20B2B9CEEA3005BDD97 /* NetflixV2App.swift */; };
		1FB6B2102B9CEEA4005BDD97 /* Assets.xcassets in Resources */ = {isa = PBXBuildFile; fileRef = 1FB6B20F2B9CEEA4005BDD97 /* Assets.xcassets */; };
		1FB6B2132B9CEEA4005BDD97 /* Preview Assets.xcassets in Resources */ = {isa = PBXBuildFile; fileRef = 1FB6B2122B9CEEA4005BDD97 /* Preview Assets.xcassets */; };
		1FB6B21D2B9CEEA4005BDD97 /* NetflixV2Tests.swift in Sources */ = {isa = PBXBuildFile; fileRef = 1FB6B21C2B9CEEA4005BDD97 /* NetflixV2Tests.swift */; };
		1FB6B2272B9CEEA4005BDD97 /* NetflixV2UITests.swift in Sources */ = {isa = PBXBuildFile; fileRef = 1FB6B2262B9CEEA4005BDD97 /* NetflixV2UITests.swift */; };
		1FB6B2292B9CEEA4005BDD97 /* NetflixV2UITestsLaunchTests.swift in Sources */ = {isa = PBXBuildFile; fileRef = 1FB6B2282B9CEEA4005BDD97 /* NetflixV2UITestsLaunchTests.swift */; };
		1FB6B23A2B9CF006005BDD97 /* HomeViewScene.swift in Sources */ = {isa = PBXBuildFile; fileRef = 1FB6B2392B9CF006005BDD97 /* HomeViewScene.swift */; };
		1FB6B23E2B9CF615005BDD97 /* MovieModel.swift in Sources */ = {isa = PBXBuildFile; fileRef = 1FB6B23D2B9CF615005BDD97 /* MovieModel.swift */; };
		1FB6B2422B9CF874005BDD97 /* SharedHomeViewSection.swift in Sources */ = {isa = PBXBuildFile; fileRef = 1FB6B2412B9CF873005BDD97 /* SharedHomeViewSection.swift */; };
		1FB6B2472B9CFAC7005BDD97 /* MovieMockData.swift in Sources */ = {isa = PBXBuildFile; fileRef = 1FB6B2462B9CFAC7005BDD97 /* MovieMockData.swift */; };
		1FB6B24D2B9D04FF005BDD97 /* Kingfisher in Frameworks */ = {isa = PBXBuildFile; productRef = 1FB6B24C2B9D04FF005BDD97 /* Kingfisher */; };
		1FB6B2502B9D084C005BDD97 /* HomeVM.swift in Sources */ = {isa = PBXBuildFile; fileRef = 1FB6B24F2B9D084C005BDD97 /* HomeVM.swift */; };
		1FB6B2532B9D1DD3005BDD97 /* SharedCategoriesViewSection.swift in Sources */ = {isa = PBXBuildFile; fileRef = 1FB6B2522B9D1DD3005BDD97 /* SharedCategoriesViewSection.swift */; };
		1FB6B2542B9D2ABB005BDD97 /* HomeVM.swift in Sources */ = {isa = PBXBuildFile; fileRef = 1FB6B24F2B9D084C005BDD97 /* HomeVM.swift */; };
		1FB6B2552B9D2C31005BDD97 /* MovieModel.swift in Sources */ = {isa = PBXBuildFile; fileRef = 1FB6B23D2B9CF615005BDD97 /* MovieModel.swift */; };
		1FB6B2562B9D2C53005BDD97 /* MovieMockData.swift in Sources */ = {isa = PBXBuildFile; fileRef = 1FB6B2462B9CFAC7005BDD97 /* MovieMockData.swift */; };
		1FB6B25A2B9D59A9005BDD97 /* SharedTopPreviewViewSection.swift in Sources */ = {isa = PBXBuildFile; fileRef = 1FB6B2592B9D59A9005BDD97 /* SharedTopPreviewViewSection.swift */; };
/* End PBXBuildFile section */

/* Begin PBXContainerItemProxy section */
		1FB6B2192B9CEEA4005BDD97 /* PBXContainerItemProxy */ = {
			isa = PBXContainerItemProxy;
			containerPortal = 1FB6B2002B9CEEA2005BDD97 /* Project object */;
			proxyType = 1;
			remoteGlobalIDString = 1FB6B2072B9CEEA3005BDD97;
			remoteInfo = NetflixV2;
		};
		1FB6B2232B9CEEA4005BDD97 /* PBXContainerItemProxy */ = {
			isa = PBXContainerItemProxy;
			containerPortal = 1FB6B2002B9CEEA2005BDD97 /* Project object */;
			proxyType = 1;
			remoteGlobalIDString = 1FB6B2072B9CEEA3005BDD97;
			remoteInfo = NetflixV2;
		};
/* End PBXContainerItemProxy section */

/* Begin PBXFileReference section */
		1FB6B2082B9CEEA3005BDD97 /* NetflixV2.app */ = {isa = PBXFileReference; explicitFileType = wrapper.application; includeInIndex = 0; path = NetflixV2.app; sourceTree = BUILT_PRODUCTS_DIR; };
		1FB6B20B2B9CEEA3005BDD97 /* NetflixV2App.swift */ = {isa = PBXFileReference; lastKnownFileType = sourcecode.swift; path = NetflixV2App.swift; sourceTree = "<group>"; };
		1FB6B20F2B9CEEA4005BDD97 /* Assets.xcassets */ = {isa = PBXFileReference; lastKnownFileType = folder.assetcatalog; path = Assets.xcassets; sourceTree = "<group>"; };
		1FB6B2122B9CEEA4005BDD97 /* Preview Assets.xcassets */ = {isa = PBXFileReference; lastKnownFileType = folder.assetcatalog; path = "Preview Assets.xcassets"; sourceTree = "<group>"; };
		1FB6B2182B9CEEA4005BDD97 /* NetflixV2Tests.xctest */ = {isa = PBXFileReference; explicitFileType = wrapper.cfbundle; includeInIndex = 0; path = NetflixV2Tests.xctest; sourceTree = BUILT_PRODUCTS_DIR; };
		1FB6B21C2B9CEEA4005BDD97 /* NetflixV2Tests.swift */ = {isa = PBXFileReference; lastKnownFileType = sourcecode.swift; path = NetflixV2Tests.swift; sourceTree = "<group>"; };
		1FB6B2222B9CEEA4005BDD97 /* NetflixV2UITests.xctest */ = {isa = PBXFileReference; explicitFileType = wrapper.cfbundle; includeInIndex = 0; path = NetflixV2UITests.xctest; sourceTree = BUILT_PRODUCTS_DIR; };
		1FB6B2262B9CEEA4005BDD97 /* NetflixV2UITests.swift */ = {isa = PBXFileReference; lastKnownFileType = sourcecode.swift; path = NetflixV2UITests.swift; sourceTree = "<group>"; };
		1FB6B2282B9CEEA4005BDD97 /* NetflixV2UITestsLaunchTests.swift */ = {isa = PBXFileReference; lastKnownFileType = sourcecode.swift; path = NetflixV2UITestsLaunchTests.swift; sourceTree = "<group>"; };
		1FB6B2392B9CF006005BDD97 /* HomeViewScene.swift */ = {isa = PBXFileReference; lastKnownFileType = sourcecode.swift; path = HomeViewScene.swift; sourceTree = "<group>"; };
		1FB6B23D2B9CF615005BDD97 /* MovieModel.swift */ = {isa = PBXFileReference; lastKnownFileType = sourcecode.swift; path = MovieModel.swift; sourceTree = "<group>"; };
		1FB6B2412B9CF873005BDD97 /* SharedHomeViewSection.swift */ = {isa = PBXFileReference; lastKnownFileType = sourcecode.swift; path = SharedHomeViewSection.swift; sourceTree = "<group>"; };
		1FB6B2462B9CFAC7005BDD97 /* MovieMockData.swift */ = {isa = PBXFileReference; lastKnownFileType = sourcecode.swift; path = MovieMockData.swift; sourceTree = "<group>"; };
		1FB6B24F2B9D084C005BDD97 /* HomeVM.swift */ = {isa = PBXFileReference; lastKnownFileType = sourcecode.swift; path = HomeVM.swift; sourceTree = "<group>"; };
		1FB6B2522B9D1DD3005BDD97 /* SharedCategoriesViewSection.swift */ = {isa = PBXFileReference; lastKnownFileType = sourcecode.swift; path = SharedCategoriesViewSection.swift; sourceTree = "<group>"; };
		1FB6B2572B9D2EAB005BDD97 /* MoviesAndCategoriesTestPlan.xctestplan */ = {isa = PBXFileReference; lastKnownFileType = text; path = MoviesAndCategoriesTestPlan.xctestplan; sourceTree = "<group>"; };
		1FB6B2592B9D59A9005BDD97 /* SharedTopPreviewViewSection.swift */ = {isa = PBXFileReference; lastKnownFileType = sourcecode.swift; path = SharedTopPreviewViewSection.swift; sourceTree = "<group>"; };
/* End PBXFileReference section */

/* Begin PBXFrameworksBuildPhase section */
		1FB6B2052B9CEEA3005BDD97 /* Frameworks */ = {
			isa = PBXFrameworksBuildPhase;
			buildActionMask = 2147483647;
			files = (
				1FB6B24D2B9D04FF005BDD97 /* Kingfisher in Frameworks */,
			);
			runOnlyForDeploymentPostprocessing = 0;
		};
		1FB6B2152B9CEEA4005BDD97 /* Frameworks */ = {
			isa = PBXFrameworksBuildPhase;
			buildActionMask = 2147483647;
			files = (
			);
			runOnlyForDeploymentPostprocessing = 0;
		};
		1FB6B21F2B9CEEA4005BDD97 /* Frameworks */ = {
			isa = PBXFrameworksBuildPhase;
			buildActionMask = 2147483647;
			files = (
			);
			runOnlyForDeploymentPostprocessing = 0;
		};
/* End PBXFrameworksBuildPhase section */

/* Begin PBXGroup section */
		1FB6B1FF2B9CEEA2005BDD97 = {
			isa = PBXGroup;
			children = (
				1FB6B20A2B9CEEA3005BDD97 /* NetflixV2 */,
				1FB6B21B2B9CEEA4005BDD97 /* NetflixV2Tests */,
				1FB6B2252B9CEEA4005BDD97 /* NetflixV2UITests */,
				1FB6B2092B9CEEA3005BDD97 /* Products */,
			);
			sourceTree = "<group>";
		};
		1FB6B2092B9CEEA3005BDD97 /* Products */ = {
			isa = PBXGroup;
			children = (
				1FB6B2082B9CEEA3005BDD97 /* NetflixV2.app */,
				1FB6B2182B9CEEA4005BDD97 /* NetflixV2Tests.xctest */,
				1FB6B2222B9CEEA4005BDD97 /* NetflixV2UITests.xctest */,
			);
			name = Products;
			sourceTree = "<group>";
		};
		1FB6B20A2B9CEEA3005BDD97 /* NetflixV2 */ = {
			isa = PBXGroup;
			children = (
				1FB6B2442B9CFA9A005BDD97 /* Extensions */,
				1FB6B2432B9CFA93005BDD97 /* Helpers */,
				1FB6B23F2B9CF7FE005BDD97 /* SharedComponents */,
				1FB6B2372B9CEFCF005BDD97 /* Infrastructure */,
				1FB6B2362B9CEFC7005BDD97 /* Domain */,
				1FB6B2352B9CEFB9005BDD97 /* Presentation */,
				1FB6B20B2B9CEEA3005BDD97 /* NetflixV2App.swift */,
				1FB6B20F2B9CEEA4005BDD97 /* Assets.xcassets */,
				1FB6B2112B9CEEA4005BDD97 /* Preview Content */,
			);
			path = NetflixV2;
			sourceTree = "<group>";
		};
		1FB6B2112B9CEEA4005BDD97 /* Preview Content */ = {
			isa = PBXGroup;
			children = (
				1FB6B2122B9CEEA4005BDD97 /* Preview Assets.xcassets */,
			);
			path = "Preview Content";
			sourceTree = "<group>";
		};
		1FB6B21B2B9CEEA4005BDD97 /* NetflixV2Tests */ = {
			isa = PBXGroup;
			children = (
				1FB6B21C2B9CEEA4005BDD97 /* NetflixV2Tests.swift */,
				1FB6B2572B9D2EAB005BDD97 /* MoviesAndCategoriesTestPlan.xctestplan */,
			);
			path = NetflixV2Tests;
			sourceTree = "<group>";
		};
		1FB6B2252B9CEEA4005BDD97 /* NetflixV2UITests */ = {
			isa = PBXGroup;
			children = (
				1FB6B2262B9CEEA4005BDD97 /* NetflixV2UITests.swift */,
				1FB6B2282B9CEEA4005BDD97 /* NetflixV2UITestsLaunchTests.swift */,
			);
			path = NetflixV2UITests;
			sourceTree = "<group>";
		};
		1FB6B2352B9CEFB9005BDD97 /* Presentation */ = {
			isa = PBXGroup;
			children = (
				1FB6B2382B9CEFE2005BDD97 /* HomeViewScene */,
			);
			path = Presentation;
			sourceTree = "<group>";
		};
		1FB6B2362B9CEFC7005BDD97 /* Domain */ = {
			isa = PBXGroup;
			children = (
				1FB6B24E2B9D0837005BDD97 /* Home */,
				1FB6B23C2B9CF603005BDD97 /* MovieModel */,
			);
			path = Domain;
			sourceTree = "<group>";
		};
		1FB6B2372B9CEFCF005BDD97 /* Infrastructure */ = {
			isa = PBXGroup;
			children = (
			);
			path = Infrastructure;
			sourceTree = "<group>";
		};
		1FB6B2382B9CEFE2005BDD97 /* HomeViewScene */ = {
			isa = PBXGroup;
			children = (
				1FB6B2392B9CF006005BDD97 /* HomeViewScene.swift */,
			);
			path = HomeViewScene;
			sourceTree = "<group>";
		};
		1FB6B23C2B9CF603005BDD97 /* MovieModel */ = {
			isa = PBXGroup;
			children = (
				1FB6B23D2B9CF615005BDD97 /* MovieModel.swift */,
			);
			path = MovieModel;
			sourceTree = "<group>";
		};
		1FB6B23F2B9CF7FE005BDD97 /* SharedComponents */ = {
			isa = PBXGroup;
			children = (
				1FB6B2582B9D590B005BDD97 /* SharedTopPreviewSection */,
				1FB6B2512B9D1DA9005BDD97 /* SharedCategoriesViewSection */,
				1FB6B2402B9CF807005BDD97 /* SharedHomeViewSection */,
			);
			path = SharedComponents;
			sourceTree = "<group>";
		};
		1FB6B2402B9CF807005BDD97 /* SharedHomeViewSection */ = {
			isa = PBXGroup;
			children = (
				1FB6B2412B9CF873005BDD97 /* SharedHomeViewSection.swift */,
			);
			path = SharedHomeViewSection;
			sourceTree = "<group>";
		};
		1FB6B2432B9CFA93005BDD97 /* Helpers */ = {
			isa = PBXGroup;
			children = (
				1FB6B2452B9CFAA4005BDD97 /* MockData */,
			);
			path = Helpers;
			sourceTree = "<group>";
		};
		1FB6B2442B9CFA9A005BDD97 /* Extensions */ = {
			isa = PBXGroup;
			children = (
			);
			path = Extensions;
			sourceTree = "<group>";
		};
		1FB6B2452B9CFAA4005BDD97 /* MockData */ = {
			isa = PBXGroup;
			children = (
				1FB6B2462B9CFAC7005BDD97 /* MovieMockData.swift */,
			);
			path = MockData;
			sourceTree = "<group>";
		};
		1FB6B24E2B9D0837005BDD97 /* Home */ = {
			isa = PBXGroup;
			children = (
				1FB6B24F2B9D084C005BDD97 /* HomeVM.swift */,
			);
			path = Home;
			sourceTree = "<group>";
		};
		1FB6B2512B9D1DA9005BDD97 /* SharedCategoriesViewSection */ = {
			isa = PBXGroup;
			children = (
				1FB6B2522B9D1DD3005BDD97 /* SharedCategoriesViewSection.swift */,
			);
			path = SharedCategoriesViewSection;
			sourceTree = "<group>";
		};
		1FB6B2582B9D590B005BDD97 /* SharedTopPreviewSection */ = {
			isa = PBXGroup;
			children = (
				1FB6B2592B9D59A9005BDD97 /* SharedTopPreviewViewSection.swift */,
			);
			path = SharedTopPreviewSection;
			sourceTree = "<group>";
		};
/* End PBXGroup section */

/* Begin PBXNativeTarget section */
		1FB6B2072B9CEEA3005BDD97 /* NetflixV2 */ = {
			isa = PBXNativeTarget;
			buildConfigurationList = 1FB6B22C2B9CEEA4005BDD97 /* Build configuration list for PBXNativeTarget "NetflixV2" */;
			buildPhases = (
				1FB6B2042B9CEEA3005BDD97 /* Sources */,
				1FB6B2052B9CEEA3005BDD97 /* Frameworks */,
				1FB6B2062B9CEEA3005BDD97 /* Resources */,
			);
			buildRules = (
			);
			dependencies = (
			);
			name = NetflixV2;
			packageProductDependencies = (
				1FB6B24C2B9D04FF005BDD97 /* Kingfisher */,
			);
			productName = NetflixV2;
			productReference = 1FB6B2082B9CEEA3005BDD97 /* NetflixV2.app */;
			productType = "com.apple.product-type.application";
		};
		1FB6B2172B9CEEA4005BDD97 /* NetflixV2Tests */ = {
			isa = PBXNativeTarget;
			buildConfigurationList = 1FB6B22F2B9CEEA4005BDD97 /* Build configuration list for PBXNativeTarget "NetflixV2Tests" */;
			buildPhases = (
				1FB6B2142B9CEEA4005BDD97 /* Sources */,
				1FB6B2152B9CEEA4005BDD97 /* Frameworks */,
				1FB6B2162B9CEEA4005BDD97 /* Resources */,
			);
			buildRules = (
			);
			dependencies = (
				1FB6B21A2B9CEEA4005BDD97 /* PBXTargetDependency */,
			);
			name = NetflixV2Tests;
			productName = NetflixV2Tests;
			productReference = 1FB6B2182B9CEEA4005BDD97 /* NetflixV2Tests.xctest */;
			productType = "com.apple.product-type.bundle.unit-test";
		};
		1FB6B2212B9CEEA4005BDD97 /* NetflixV2UITests */ = {
			isa = PBXNativeTarget;
			buildConfigurationList = 1FB6B2322B9CEEA4005BDD97 /* Build configuration list for PBXNativeTarget "NetflixV2UITests" */;
			buildPhases = (
				1FB6B21E2B9CEEA4005BDD97 /* Sources */,
				1FB6B21F2B9CEEA4005BDD97 /* Frameworks */,
				1FB6B2202B9CEEA4005BDD97 /* Resources */,
			);
			buildRules = (
			);
			dependencies = (
				1FB6B2242B9CEEA4005BDD97 /* PBXTargetDependency */,
			);
			name = NetflixV2UITests;
			productName = NetflixV2UITests;
			productReference = 1FB6B2222B9CEEA4005BDD97 /* NetflixV2UITests.xctest */;
			productType = "com.apple.product-type.bundle.ui-testing";
		};
/* End PBXNativeTarget section */

/* Begin PBXProject section */
		1FB6B2002B9CEEA2005BDD97 /* Project object */ = {
			isa = PBXProject;
			attributes = {
				BuildIndependentTargetsInParallel = 1;
				LastSwiftUpdateCheck = 1530;
				LastUpgradeCheck = 1530;
				TargetAttributes = {
					1FB6B2072B9CEEA3005BDD97 = {
						CreatedOnToolsVersion = 15.3;
					};
					1FB6B2172B9CEEA4005BDD97 = {
						CreatedOnToolsVersion = 15.3;
						TestTargetID = 1FB6B2072B9CEEA3005BDD97;
					};
					1FB6B2212B9CEEA4005BDD97 = {
						CreatedOnToolsVersion = 15.3;
						TestTargetID = 1FB6B2072B9CEEA3005BDD97;
					};
				};
			};
			buildConfigurationList = 1FB6B2032B9CEEA2005BDD97 /* Build configuration list for PBXProject "NetflixV2" */;
			compatibilityVersion = "Xcode 14.0";
			developmentRegion = en;
			hasScannedForEncodings = 0;
			knownRegions = (
				en,
				Base,
			);
			mainGroup = 1FB6B1FF2B9CEEA2005BDD97;
			packageReferences = (
				1FB6B24B2B9D04FF005BDD97 /* XCRemoteSwiftPackageReference "Kingfisher" */,
			);
			productRefGroup = 1FB6B2092B9CEEA3005BDD97 /* Products */;
			projectDirPath = "";
			projectRoot = "";
			targets = (
				1FB6B2072B9CEEA3005BDD97 /* NetflixV2 */,
				1FB6B2172B9CEEA4005BDD97 /* NetflixV2Tests */,
				1FB6B2212B9CEEA4005BDD97 /* NetflixV2UITests */,
			);
		};
/* End PBXProject section */

/* Begin PBXResourcesBuildPhase section */
		1FB6B2062B9CEEA3005BDD97 /* Resources */ = {
			isa = PBXResourcesBuildPhase;
			buildActionMask = 2147483647;
			files = (
				1FB6B2132B9CEEA4005BDD97 /* Preview Assets.xcassets in Resources */,
				1FB6B2102B9CEEA4005BDD97 /* Assets.xcassets in Resources */,
			);
			runOnlyForDeploymentPostprocessing = 0;
		};
		1FB6B2162B9CEEA4005BDD97 /* Resources */ = {
			isa = PBXResourcesBuildPhase;
			buildActionMask = 2147483647;
			files = (
			);
			runOnlyForDeploymentPostprocessing = 0;
		};
		1FB6B2202B9CEEA4005BDD97 /* Resources */ = {
			isa = PBXResourcesBuildPhase;
			buildActionMask = 2147483647;
			files = (
			);
			runOnlyForDeploymentPostprocessing = 0;
		};
/* End PBXResourcesBuildPhase section */

/* Begin PBXSourcesBuildPhase section */
		1FB6B2042B9CEEA3005BDD97 /* Sources */ = {
			isa = PBXSourcesBuildPhase;
			buildActionMask = 2147483647;
			files = (
				1FB6B23E2B9CF615005BDD97 /* MovieModel.swift in Sources */,
				1FB6B23A2B9CF006005BDD97 /* HomeViewScene.swift in Sources */,
				1FB6B25A2B9D59A9005BDD97 /* SharedTopPreviewViewSection.swift in Sources */,
				1FB6B2472B9CFAC7005BDD97 /* MovieMockData.swift in Sources */,
				1FB6B2532B9D1DD3005BDD97 /* SharedCategoriesViewSection.swift in Sources */,
				1FB6B2502B9D084C005BDD97 /* HomeVM.swift in Sources */,
				1FB6B2422B9CF874005BDD97 /* SharedHomeViewSection.swift in Sources */,
				1FB6B20C2B9CEEA3005BDD97 /* NetflixV2App.swift in Sources */,
			);
			runOnlyForDeploymentPostprocessing = 0;
		};
		1FB6B2142B9CEEA4005BDD97 /* Sources */ = {
			isa = PBXSourcesBuildPhase;
			buildActionMask = 2147483647;
			files = (
				1FB6B2552B9D2C31005BDD97 /* MovieModel.swift in Sources */,
				1FB6B21D2B9CEEA4005BDD97 /* NetflixV2Tests.swift in Sources */,
				1FB6B2562B9D2C53005BDD97 /* MovieMockData.swift in Sources */,
				1FB6B2542B9D2ABB005BDD97 /* HomeVM.swift in Sources */,
			);
			runOnlyForDeploymentPostprocessing = 0;
		};
		1FB6B21E2B9CEEA4005BDD97 /* Sources */ = {
			isa = PBXSourcesBuildPhase;
			buildActionMask = 2147483647;
			files = (
				1FB6B2272B9CEEA4005BDD97 /* NetflixV2UITests.swift in Sources */,
				1FB6B2292B9CEEA4005BDD97 /* NetflixV2UITestsLaunchTests.swift in Sources */,
			);
			runOnlyForDeploymentPostprocessing = 0;
		};
/* End PBXSourcesBuildPhase section */

/* Begin PBXTargetDependency section */
		1FB6B21A2B9CEEA4005BDD97 /* PBXTargetDependency */ = {
			isa = PBXTargetDependency;
			target = 1FB6B2072B9CEEA3005BDD97 /* NetflixV2 */;
			targetProxy = 1FB6B2192B9CEEA4005BDD97 /* PBXContainerItemProxy */;
		};
		1FB6B2242B9CEEA4005BDD97 /* PBXTargetDependency */ = {
			isa = PBXTargetDependency;
			target = 1FB6B2072B9CEEA3005BDD97 /* NetflixV2 */;
			targetProxy = 1FB6B2232B9CEEA4005BDD97 /* PBXContainerItemProxy */;
		};
/* End PBXTargetDependency section */

/* Begin XCBuildConfiguration section */
		1FB6B22A2B9CEEA4005BDD97 /* Debug */ = {
			isa = XCBuildConfiguration;
			buildSettings = {
				ALWAYS_SEARCH_USER_PATHS = NO;
				ASSETCATALOG_COMPILER_GENERATE_SWIFT_ASSET_SYMBOL_EXTENSIONS = YES;
				CLANG_ANALYZER_NONNULL = YES;
				CLANG_ANALYZER_NUMBER_OBJECT_CONVERSION = YES_AGGRESSIVE;
				CLANG_CXX_LANGUAGE_STANDARD = "gnu++20";
				CLANG_ENABLE_MODULES = YES;
				CLANG_ENABLE_OBJC_ARC = YES;
				CLANG_ENABLE_OBJC_WEAK = YES;
				CLANG_WARN_BLOCK_CAPTURE_AUTORELEASING = YES;
				CLANG_WARN_BOOL_CONVERSION = YES;
				CLANG_WARN_COMMA = YES;
				CLANG_WARN_CONSTANT_CONVERSION = YES;
				CLANG_WARN_DEPRECATED_OBJC_IMPLEMENTATIONS = YES;
				CLANG_WARN_DIRECT_OBJC_ISA_USAGE = YES_ERROR;
				CLANG_WARN_DOCUMENTATION_COMMENTS = YES;
				CLANG_WARN_EMPTY_BODY = YES;
				CLANG_WARN_ENUM_CONVERSION = YES;
				CLANG_WARN_INFINITE_RECURSION = YES;
				CLANG_WARN_INT_CONVERSION = YES;
				CLANG_WARN_NON_LITERAL_NULL_CONVERSION = YES;
				CLANG_WARN_OBJC_IMPLICIT_RETAIN_SELF = YES;
				CLANG_WARN_OBJC_LITERAL_CONVERSION = YES;
				CLANG_WARN_OBJC_ROOT_CLASS = YES_ERROR;
				CLANG_WARN_QUOTED_INCLUDE_IN_FRAMEWORK_HEADER = YES;
				CLANG_WARN_RANGE_LOOP_ANALYSIS = YES;
				CLANG_WARN_STRICT_PROTOTYPES = YES;
				CLANG_WARN_SUSPICIOUS_MOVE = YES;
				CLANG_WARN_UNGUARDED_AVAILABILITY = YES_AGGRESSIVE;
				CLANG_WARN_UNREACHABLE_CODE = YES;
				CLANG_WARN__DUPLICATE_METHOD_MATCH = YES;
				COPY_PHASE_STRIP = NO;
				DEBUG_INFORMATION_FORMAT = dwarf;
				ENABLE_STRICT_OBJC_MSGSEND = YES;
				ENABLE_TESTABILITY = YES;
				ENABLE_USER_SCRIPT_SANDBOXING = YES;
				GCC_C_LANGUAGE_STANDARD = gnu17;
				GCC_DYNAMIC_NO_PIC = NO;
				GCC_NO_COMMON_BLOCKS = YES;
				GCC_OPTIMIZATION_LEVEL = 0;
				GCC_PREPROCESSOR_DEFINITIONS = (
					"DEBUG=1",
					"$(inherited)",
				);
				GCC_WARN_64_TO_32_BIT_CONVERSION = YES;
				GCC_WARN_ABOUT_RETURN_TYPE = YES_ERROR;
				GCC_WARN_UNDECLARED_SELECTOR = YES;
				GCC_WARN_UNINITIALIZED_AUTOS = YES_AGGRESSIVE;
				GCC_WARN_UNUSED_FUNCTION = YES;
				GCC_WARN_UNUSED_VARIABLE = YES;
				IPHONEOS_DEPLOYMENT_TARGET = 17.4;
				LOCALIZATION_PREFERS_STRING_CATALOGS = YES;
				MTL_ENABLE_DEBUG_INFO = INCLUDE_SOURCE;
				MTL_FAST_MATH = YES;
				ONLY_ACTIVE_ARCH = YES;
				SDKROOT = iphoneos;
				SWIFT_ACTIVE_COMPILATION_CONDITIONS = "DEBUG $(inherited)";
				SWIFT_OPTIMIZATION_LEVEL = "-Onone";
			};
			name = Debug;
		};
		1FB6B22B2B9CEEA4005BDD97 /* Release */ = {
			isa = XCBuildConfiguration;
			buildSettings = {
				ALWAYS_SEARCH_USER_PATHS = NO;
				ASSETCATALOG_COMPILER_GENERATE_SWIFT_ASSET_SYMBOL_EXTENSIONS = YES;
				CLANG_ANALYZER_NONNULL = YES;
				CLANG_ANALYZER_NUMBER_OBJECT_CONVERSION = YES_AGGRESSIVE;
				CLANG_CXX_LANGUAGE_STANDARD = "gnu++20";
				CLANG_ENABLE_MODULES = YES;
				CLANG_ENABLE_OBJC_ARC = YES;
				CLANG_ENABLE_OBJC_WEAK = YES;
				CLANG_WARN_BLOCK_CAPTURE_AUTORELEASING = YES;
				CLANG_WARN_BOOL_CONVERSION = YES;
				CLANG_WARN_COMMA = YES;
				CLANG_WARN_CONSTANT_CONVERSION = YES;
				CLANG_WARN_DEPRECATED_OBJC_IMPLEMENTATIONS = YES;
				CLANG_WARN_DIRECT_OBJC_ISA_USAGE = YES_ERROR;
				CLANG_WARN_DOCUMENTATION_COMMENTS = YES;
				CLANG_WARN_EMPTY_BODY = YES;
				CLANG_WARN_ENUM_CONVERSION = YES;
				CLANG_WARN_INFINITE_RECURSION = YES;
				CLANG_WARN_INT_CONVERSION = YES;
				CLANG_WARN_NON_LITERAL_NULL_CONVERSION = YES;
				CLANG_WARN_OBJC_IMPLICIT_RETAIN_SELF = YES;
				CLANG_WARN_OBJC_LITERAL_CONVERSION = YES;
				CLANG_WARN_OBJC_ROOT_CLASS = YES_ERROR;
				CLANG_WARN_QUOTED_INCLUDE_IN_FRAMEWORK_HEADER = YES;
				CLANG_WARN_RANGE_LOOP_ANALYSIS = YES;
				CLANG_WARN_STRICT_PROTOTYPES = YES;
				CLANG_WARN_SUSPICIOUS_MOVE = YES;
				CLANG_WARN_UNGUARDED_AVAILABILITY = YES_AGGRESSIVE;
				CLANG_WARN_UNREACHABLE_CODE = YES;
				CLANG_WARN__DUPLICATE_METHOD_MATCH = YES;
				COPY_PHASE_STRIP = NO;
				DEBUG_INFORMATION_FORMAT = "dwarf-with-dsym";
				ENABLE_NS_ASSERTIONS = NO;
				ENABLE_STRICT_OBJC_MSGSEND = YES;
				ENABLE_USER_SCRIPT_SANDBOXING = YES;
				GCC_C_LANGUAGE_STANDARD = gnu17;
				GCC_NO_COMMON_BLOCKS = YES;
				GCC_WARN_64_TO_32_BIT_CONVERSION = YES;
				GCC_WARN_ABOUT_RETURN_TYPE = YES_ERROR;
				GCC_WARN_UNDECLARED_SELECTOR = YES;
				GCC_WARN_UNINITIALIZED_AUTOS = YES_AGGRESSIVE;
				GCC_WARN_UNUSED_FUNCTION = YES;
				GCC_WARN_UNUSED_VARIABLE = YES;
				IPHONEOS_DEPLOYMENT_TARGET = 17.4;
				LOCALIZATION_PREFERS_STRING_CATALOGS = YES;
				MTL_ENABLE_DEBUG_INFO = NO;
				MTL_FAST_MATH = YES;
				SDKROOT = iphoneos;
				SWIFT_COMPILATION_MODE = wholemodule;
				VALIDATE_PRODUCT = YES;
			};
			name = Release;
		};
		1FB6B22D2B9CEEA4005BDD97 /* Debug */ = {
			isa = XCBuildConfiguration;
			buildSettings = {
				ASSETCATALOG_COMPILER_APPICON_NAME = AppIcon;
				ASSETCATALOG_COMPILER_GLOBAL_ACCENT_COLOR_NAME = AccentColor;
				CODE_SIGN_STYLE = Automatic;
				CURRENT_PROJECT_VERSION = 1;
				DEVELOPMENT_ASSET_PATHS = "\"NetflixV2/Preview Content\"";
				DEVELOPMENT_TEAM = SNTB2L8C6Q;
				ENABLE_PREVIEWS = YES;
				GENERATE_INFOPLIST_FILE = YES;
				INFOPLIST_KEY_UIApplicationSceneManifest_Generation = YES;
				INFOPLIST_KEY_UIApplicationSupportsIndirectInputEvents = YES;
				INFOPLIST_KEY_UILaunchScreen_Generation = YES;
				INFOPLIST_KEY_UISupportedInterfaceOrientations = UIInterfaceOrientationPortrait;
				LD_RUNPATH_SEARCH_PATHS = (
					"$(inherited)",
					"@executable_path/Frameworks",
				);
				MARKETING_VERSION = 1.0;
				PRODUCT_BUNDLE_IDENTIFIER = com.hcdev.NetflixV2;
				PRODUCT_NAME = "$(TARGET_NAME)";
				SWIFT_EMIT_LOC_STRINGS = YES;
				SWIFT_VERSION = 5.0;
				TARGETED_DEVICE_FAMILY = "1,2";
			};
			name = Debug;
		};
		1FB6B22E2B9CEEA4005BDD97 /* Release */ = {
			isa = XCBuildConfiguration;
			buildSettings = {
				ASSETCATALOG_COMPILER_APPICON_NAME = AppIcon;
				ASSETCATALOG_COMPILER_GLOBAL_ACCENT_COLOR_NAME = AccentColor;
				CODE_SIGN_STYLE = Automatic;
				CURRENT_PROJECT_VERSION = 1;
				DEVELOPMENT_ASSET_PATHS = "\"NetflixV2/Preview Content\"";
				DEVELOPMENT_TEAM = SNTB2L8C6Q;
				ENABLE_PREVIEWS = YES;
				GENERATE_INFOPLIST_FILE = YES;
				INFOPLIST_KEY_UIApplicationSceneManifest_Generation = YES;
				INFOPLIST_KEY_UIApplicationSupportsIndirectInputEvents = YES;
				INFOPLIST_KEY_UILaunchScreen_Generation = YES;
				INFOPLIST_KEY_UISupportedInterfaceOrientations = UIInterfaceOrientationPortrait;
				LD_RUNPATH_SEARCH_PATHS = (
					"$(inherited)",
					"@executable_path/Frameworks",
				);
				MARKETING_VERSION = 1.0;
				PRODUCT_BUNDLE_IDENTIFIER = com.hcdev.NetflixV2;
				PRODUCT_NAME = "$(TARGET_NAME)";
				SWIFT_EMIT_LOC_STRINGS = YES;
				SWIFT_VERSION = 5.0;
				TARGETED_DEVICE_FAMILY = "1,2";
			};
			name = Release;
		};
		1FB6B2302B9CEEA4005BDD97 /* Debug */ = {
			isa = XCBuildConfiguration;
			buildSettings = {
				ALWAYS_EMBED_SWIFT_STANDARD_LIBRARIES = YES;
				BUNDLE_LOADER = "$(TEST_HOST)";
				CODE_SIGN_STYLE = Automatic;
				CURRENT_PROJECT_VERSION = 1;
				DEVELOPMENT_TEAM = SNTB2L8C6Q;
				GENERATE_INFOPLIST_FILE = YES;
				IPHONEOS_DEPLOYMENT_TARGET = 17.4;
				MARKETING_VERSION = 1.0;
				PRODUCT_BUNDLE_IDENTIFIER = com.hcdev.NetflixV2Tests;
				PRODUCT_NAME = "$(TARGET_NAME)";
				SWIFT_EMIT_LOC_STRINGS = NO;
				SWIFT_VERSION = 5.0;
				TARGETED_DEVICE_FAMILY = "1,2";
				TEST_HOST = "$(BUILT_PRODUCTS_DIR)/NetflixV2.app/$(BUNDLE_EXECUTABLE_FOLDER_PATH)/NetflixV2";
			};
			name = Debug;
		};
		1FB6B2312B9CEEA4005BDD97 /* Release */ = {
			isa = XCBuildConfiguration;
			buildSettings = {
				ALWAYS_EMBED_SWIFT_STANDARD_LIBRARIES = YES;
				BUNDLE_LOADER = "$(TEST_HOST)";
				CODE_SIGN_STYLE = Automatic;
				CURRENT_PROJECT_VERSION = 1;
				DEVELOPMENT_TEAM = SNTB2L8C6Q;
				GENERATE_INFOPLIST_FILE = YES;
				IPHONEOS_DEPLOYMENT_TARGET = 17.4;
				MARKETING_VERSION = 1.0;
				PRODUCT_BUNDLE_IDENTIFIER = com.hcdev.NetflixV2Tests;
				PRODUCT_NAME = "$(TARGET_NAME)";
				SWIFT_EMIT_LOC_STRINGS = NO;
				SWIFT_VERSION = 5.0;
				TARGETED_DEVICE_FAMILY = "1,2";
				TEST_HOST = "$(BUILT_PRODUCTS_DIR)/NetflixV2.app/$(BUNDLE_EXECUTABLE_FOLDER_PATH)/NetflixV2";
			};
			name = Release;
		};
		1FB6B2332B9CEEA4005BDD97 /* Debug */ = {
			isa = XCBuildConfiguration;
			buildSettings = {
				ALWAYS_EMBED_SWIFT_STANDARD_LIBRARIES = YES;
				CODE_SIGN_STYLE = Automatic;
				CURRENT_PROJECT_VERSION = 1;
				DEVELOPMENT_TEAM = SNTB2L8C6Q;
				GENERATE_INFOPLIST_FILE = YES;
				MARKETING_VERSION = 1.0;
				PRODUCT_BUNDLE_IDENTIFIER = com.hcdev.NetflixV2UITests;
				PRODUCT_NAME = "$(TARGET_NAME)";
				SWIFT_EMIT_LOC_STRINGS = NO;
				SWIFT_VERSION = 5.0;
				TARGETED_DEVICE_FAMILY = "1,2";
				TEST_TARGET_NAME = NetflixV2;
			};
			name = Debug;
		};
		1FB6B2342B9CEEA4005BDD97 /* Release */ = {
			isa = XCBuildConfiguration;
			buildSettings = {
				ALWAYS_EMBED_SWIFT_STANDARD_LIBRARIES = YES;
				CODE_SIGN_STYLE = Automatic;
				CURRENT_PROJECT_VERSION = 1;
				DEVELOPMENT_TEAM = SNTB2L8C6Q;
				GENERATE_INFOPLIST_FILE = YES;
				MARKETING_VERSION = 1.0;
				PRODUCT_BUNDLE_IDENTIFIER = com.hcdev.NetflixV2UITests;
				PRODUCT_NAME = "$(TARGET_NAME)";
				SWIFT_EMIT_LOC_STRINGS = NO;
				SWIFT_VERSION = 5.0;
				TARGETED_DEVICE_FAMILY = "1,2";
				TEST_TARGET_NAME = NetflixV2;
			};
			name = Release;
		};
/* End XCBuildConfiguration section */

/* Begin XCConfigurationList section */
		1FB6B2032B9CEEA2005BDD97 /* Build configuration list for PBXProject "NetflixV2" */ = {
			isa = XCConfigurationList;
			buildConfigurations = (
				1FB6B22A2B9CEEA4005BDD97 /* Debug */,
				1FB6B22B2B9CEEA4005BDD97 /* Release */,
			);
			defaultConfigurationIsVisible = 0;
			defaultConfigurationName = Release;
		};
		1FB6B22C2B9CEEA4005BDD97 /* Build configuration list for PBXNativeTarget "NetflixV2" */ = {
			isa = XCConfigurationList;
			buildConfigurations = (
				1FB6B22D2B9CEEA4005BDD97 /* Debug */,
				1FB6B22E2B9CEEA4005BDD97 /* Release */,
			);
			defaultConfigurationIsVisible = 0;
			defaultConfigurationName = Release;
		};
		1FB6B22F2B9CEEA4005BDD97 /* Build configuration list for PBXNativeTarget "NetflixV2Tests" */ = {
			isa = XCConfigurationList;
			buildConfigurations = (
				1FB6B2302B9CEEA4005BDD97 /* Debug */,
				1FB6B2312B9CEEA4005BDD97 /* Release */,
			);
			defaultConfigurationIsVisible = 0;
			defaultConfigurationName = Release;
		};
		1FB6B2322B9CEEA4005BDD97 /* Build configuration list for PBXNativeTarget "NetflixV2UITests" */ = {
			isa = XCConfigurationList;
			buildConfigurations = (
				1FB6B2332B9CEEA4005BDD97 /* Debug */,
				1FB6B2342B9CEEA4005BDD97 /* Release */,
			);
			defaultConfigurationIsVisible = 0;
			defaultConfigurationName = Release;
		};
/* End XCConfigurationList section */

/* Begin XCRemoteSwiftPackageReference section */
		1FB6B24B2B9D04FF005BDD97 /* XCRemoteSwiftPackageReference "Kingfisher" */ = {
			isa = XCRemoteSwiftPackageReference;
			repositoryURL = "https://github.com/onevcat/Kingfisher";
			requirement = {
				kind = upToNextMajorVersion;
				minimumVersion = 7.11.0;
			};
		};
/* End XCRemoteSwiftPackageReference section */

/* Begin XCSwiftPackageProductDependency section */
		1FB6B24C2B9D04FF005BDD97 /* Kingfisher */ = {
			isa = XCSwiftPackageProductDependency;
			package = 1FB6B24B2B9D04FF005BDD97 /* XCRemoteSwiftPackageReference "Kingfisher" */;
			productName = Kingfisher;
		};
/* End XCSwiftPackageProductDependency section */
	};
	rootObject = 1FB6B2002B9CEEA2005BDD97 /* Project object */;
}
